
Microsoft Visual Studio Solution File, Format Version 12.00
# Visual Studio 15
VisualStudioVersion = 15.0.27703.2042
MinimumVisualStudioVersion = 10.0.40219.1
Project("{FAE04EC0-301F-11D3-BF4B-00C04F79EFBC}") = "OtterKeys", "OtterKeys\OtterKeys.csproj", "{2F2F653A-0CBC-4EE1-BF62-462FBBEE2E99}"
EndProject
Global
	GlobalSection(SolutionConfigurationPlatforms) = preSolution
		Debug|x64 = Debug|x64
		Release|x64 = Release|x64
	EndGlobalSection
	GlobalSection(ProjectConfigurationPlatforms) = postSolution
		{2F2F653A-0CBC-4EE1-BF62-462FBBEE2E99}.Debug|x64.ActiveCfg = Debug|Any CPU
		{2F2F653A-0CBC-4EE1-BF62-462FBBEE2E99}.Debug|x64.Build.0 = Debug|Any CPU
		{2F2F653A-0CBC-4EE1-BF62-462FBBEE2E99}.Release|x64.ActiveCfg = Release|Any CPU
		{2F2F653A-0CBC-4EE1-BF62-462FBBEE2E99}.Release|x64.Build.0 = Release|Any CPU
	EndGlobalSection
	GlobalSection(SolutionProperties) = preSolution
		HideSolutionNode = FALSE
	EndGlobalSection
	GlobalSection(ExtensibilityGlobals) = postSolution
		SolutionGuid = {6A264326-AF04-4EDF-B6AB-1B35BBF51300}
	EndGlobalSection
EndGlobal
